
Microsoft Visual Studio Solution File, Format Version 12.00
# Visual Studio Version 16
VisualStudioVersion = 16.0.30907.101
MinimumVisualStudioVersion = 10.0.40219.1
Project("{F184B08F-C81C-45F6-A57F-5ABD9991F28F}") = "Projekt", "Projekt\Projekt.vbproj", "{2BF5C62F-829F-48D6-ABCC-00982C8417ED}"
EndProject
Global
	GlobalSection(SolutionConfigurationPlatforms) = preSolution
		Debug|Any CPU = Debug|Any CPU
		Release|Any CPU = Release|Any CPU
	EndGlobalSection
	GlobalSection(ProjectConfigurationPlatforms) = postSolution
		{2BF5C62F-829F-48D6-ABCC-00982C8417ED}.Debug|Any CPU.ActiveCfg = Debug|Any CPU
		{2BF5C62F-829F-48D6-ABCC-00982C8417ED}.Debug|Any CPU.Build.0 = Debug|Any CPU
		{2BF5C62F-829F-48D6-ABCC-00982C8417ED}.Release|Any CPU.ActiveCfg = Release|Any CPU
		{2BF5C62F-829F-48D6-ABCC-00982C8417ED}.Release|Any CPU.Build.0 = Release|Any CPU
	EndGlobalSection
	GlobalSection(SolutionProperties) = preSolution
		HideSolutionNode = FALSE
	EndGlobalSection
	GlobalSection(ExtensibilityGlobals) = postSolution
		SolutionGuid = {33B5D29D-5945-4655-B17C-C5D0395ABB1B}
	EndGlobalSection
EndGlobal
